// !$*UTF8*$!
{
	archiveVersion = 1;
	classes = {
	};
	objectVersion = 46;
	objects = {

/* Begin PBXBuildFile section */
		9129850817454E380040F875 /* AVCamDemoViewController.xib in Resources */ = {isa = PBXBuildFile; fileRef = 9129850617454E380040F875 /* AVCamDemoViewController.xib */; };
		9129850A17454F600040F875 /* AVCamDemoViewController.m in Sources */ = {isa = PBXBuildFile; fileRef = 912984FF17454E080040F875 /* AVCamDemoViewController.m */; settings = {COMPILER_FLAGS = "-fno-objc-arc"; }; };
		9129850B17454F670040F875 /* AVCamDemoCaptureManager.m in Sources */ = {isa = PBXBuildFile; fileRef = 9129850317454E230040F875 /* AVCamDemoCaptureManager.m */; settings = {COMPILER_FLAGS = "-fno-objc-arc"; }; };
		9129850C17454F6B0040F875 /* ExpandyButton.m in Sources */ = {isa = PBXBuildFile; fileRef = 9129850117454E180040F875 /* ExpandyButton.m */; settings = {COMPILER_FLAGS = "-fno-objc-arc"; }; };
		9129850D17454F6E0040F875 /* AVCamDemoPreviewView.m in Sources */ = {isa = PBXBuildFile; fileRef = 9129850517454E230040F875 /* AVCamDemoPreviewView.m */; settings = {COMPILER_FLAGS = "-fno-objc-arc"; }; };
		91632B13171DAF9C008A8793 /* AssetsLibrary.framework in Frameworks */ = {isa = PBXBuildFile; fileRef = 91632B12171DAF9C008A8793 /* AssetsLibrary.framework */; };
		91632B15171DB25C008A8793 /* IMG_0005.jpg in Resources */ = {isa = PBXBuildFile; fileRef = 91632B14171DB25C008A8793 /* IMG_0005.jpg */; };
		91632B17172044E0008A8793 /* QuartzCore.framework in Frameworks */ = {isa = PBXBuildFile; fileRef = 91632B16172044E0008A8793 /* QuartzCore.framework */; };
		91632B4F173AC2DD008A8793 /* ImageProcessing.m in Sources */ = {isa = PBXBuildFile; fileRef = 91632B4E173AC2DD008A8793 /* ImageProcessing.m */; };
		91632B51173AD68F008A8793 /* MessageUI.framework in Frameworks */ = {isa = PBXBuildFile; fileRef = 91632B50173AD68F008A8793 /* MessageUI.framework */; };
		91AC218817414F340091C0D7 /* AVFoundation.framework in Frameworks */ = {isa = PBXBuildFile; fileRef = 91AC218717414F340091C0D7 /* AVFoundation.framework */; };
		91AC21A91743E9FD0091C0D7 /* CameraIcon.png in Resources */ = {isa = PBXBuildFile; fileRef = 91AC21A81743E9FD0091C0D7 /* CameraIcon.png */; };
		91AC21BC174527620091C0D7 /* MediaPlayer.framework in Frameworks */ = {isa = PBXBuildFile; fileRef = 91AC21BB174527620091C0D7 /* MediaPlayer.framework */; };
		91AC21BE174527760091C0D7 /* CoreMedia.framework in Frameworks */ = {isa = PBXBuildFile; fileRef = 91AC21BD174527760091C0D7 /* CoreMedia.framework */; };
		91AC21C01745277E0091C0D7 /* CoreVideo.framework in Frameworks */ = {isa = PBXBuildFile; fileRef = 91AC21BF1745277E0091C0D7 /* CoreVideo.framework */; };
		91AC21C2174527900091C0D7 /* MobileCoreServices.framework in Frameworks */ = {isa = PBXBuildFile; fileRef = 91AC21C1174527900091C0D7 /* MobileCoreServices.framework */; };
		91D15971171DABBA003313E0 /* UIKit.framework in Frameworks */ = {isa = PBXBuildFile; fileRef = 91D15970171DABBA003313E0 /* UIKit.framework */; };
		91D15973171DABBA003313E0 /* Foundation.framework in Frameworks */ = {isa = PBXBuildFile; fileRef = 91D15972171DABBA003313E0 /* Foundation.framework */; };
		91D15975171DABBA003313E0 /* CoreGraphics.framework in Frameworks */ = {isa = PBXBuildFile; fileRef = 91D15974171DABBA003313E0 /* CoreGraphics.framework */; };
		91D1597B171DABBA003313E0 /* InfoPlist.strings in Resources */ = {isa = PBXBuildFile; fileRef = 91D15979171DABBA003313E0 /* InfoPlist.strings */; };
		91D1597D171DABBA003313E0 /* main.m in Sources */ = {isa = PBXBuildFile; fileRef = 91D1597C171DABBA003313E0 /* main.m */; };
		91D15981171DABBA003313E0 /* AppDelegate.m in Sources */ = {isa = PBXBuildFile; fileRef = 91D15980171DABBA003313E0 /* AppDelegate.m */; };
		91D15983171DABBA003313E0 /* Default.png in Resources */ = {isa = PBXBuildFile; fileRef = 91D15982171DABBA003313E0 /* Default.png */; };
		91D15985171DABBA003313E0 /* Default@2x.png in Resources */ = {isa = PBXBuildFile; fileRef = 91D15984171DABBA003313E0 /* Default@2x.png */; };
		91D15987171DABBA003313E0 /* Default-568h@2x.png in Resources */ = {isa = PBXBuildFile; fileRef = 91D15986171DABBA003313E0 /* Default-568h@2x.png */; };
		91D1598A171DABBA003313E0 /* MainStoryboard_iPhone.storyboard in Resources */ = {isa = PBXBuildFile; fileRef = 91D15988171DABBA003313E0 /* MainStoryboard_iPhone.storyboard */; };
		91D1598D171DABBA003313E0 /* MainStoryboard_iPad.storyboard in Resources */ = {isa = PBXBuildFile; fileRef = 91D1598B171DABBA003313E0 /* MainStoryboard_iPad.storyboard */; };
		91D15990171DABBA003313E0 /* ViewController.m in Sources */ = {isa = PBXBuildFile; fileRef = 91D1598F171DABBA003313E0 /* ViewController.m */; };
		91D1599F171DADE7003313E0 /* CoreImage.framework in Frameworks */ = {isa = PBXBuildFile; fileRef = 91D1599E171DADE7003313E0 /* CoreImage.framework */; };
/* End PBXBuildFile section */

/* Begin PBXFileReference section */
		912984FE17454E080040F875 /* AVCamDemoViewController.h */ = {isa = PBXFileReference; lastKnownFileType = sourcecode.c.h; path = AVCamDemoViewController.h; sourceTree = "<group>"; };
		912984FF17454E080040F875 /* AVCamDemoViewController.m */ = {isa = PBXFileReference; lastKnownFileType = sourcecode.c.objc; path = AVCamDemoViewController.m; sourceTree = "<group>"; };
		9129850017454E180040F875 /* ExpandyButton.h */ = {isa = PBXFileReference; lastKnownFileType = sourcecode.c.h; path = ExpandyButton.h; sourceTree = "<group>"; };
		9129850117454E180040F875 /* ExpandyButton.m */ = {isa = PBXFileReference; lastKnownFileType = sourcecode.c.objc; path = ExpandyButton.m; sourceTree = "<group>"; };
		9129850217454E230040F875 /* AVCamDemoCaptureManager.h */ = {isa = PBXFileReference; lastKnownFileType = sourcecode.c.h; path = AVCamDemoCaptureManager.h; sourceTree = "<group>"; };
		9129850317454E230040F875 /* AVCamDemoCaptureManager.m */ = {isa = PBXFileReference; lastKnownFileType = sourcecode.c.objc; path = AVCamDemoCaptureManager.m; sourceTree = "<group>"; };
		9129850417454E230040F875 /* AVCamDemoPreviewView.h */ = {isa = PBXFileReference; lastKnownFileType = sourcecode.c.h; path = AVCamDemoPreviewView.h; sourceTree = "<group>"; };
		9129850517454E230040F875 /* AVCamDemoPreviewView.m */ = {isa = PBXFileReference; lastKnownFileType = sourcecode.c.objc; path = AVCamDemoPreviewView.m; sourceTree = "<group>"; };
		9129850617454E380040F875 /* AVCamDemoViewController.xib */ = {isa = PBXFileReference; fileEncoding = 4; lastKnownFileType = file.xib; path = AVCamDemoViewController.xib; sourceTree = "<group>"; };
		91632B12171DAF9C008A8793 /* AssetsLibrary.framework */ = {isa = PBXFileReference; lastKnownFileType = wrapper.framework; name = AssetsLibrary.framework; path = System/Library/Frameworks/AssetsLibrary.framework; sourceTree = SDKROOT; };
		91632B14171DB25C008A8793 /* IMG_0005.jpg */ = {isa = PBXFileReference; lastKnownFileType = image.jpeg; path = IMG_0005.jpg; sourceTree = "<group>"; };
		91632B16172044E0008A8793 /* QuartzCore.framework */ = {isa = PBXFileReference; lastKnownFileType = wrapper.framework; name = QuartzCore.framework; path = System/Library/Frameworks/QuartzCore.framework; sourceTree = SDKROOT; };
		91632B4D173AC2DD008A8793 /* ImageProcessing.h */ = {isa = PBXFileReference; fileEncoding = 4; lastKnownFileType = sourcecode.c.h; path = ImageProcessing.h; sourceTree = "<group>"; };
		91632B4E173AC2DD008A8793 /* ImageProcessing.m */ = {isa = PBXFileReference; fileEncoding = 4; lastKnownFileType = sourcecode.c.objc; path = ImageProcessing.m; sourceTree = "<group>"; };
		91632B50173AD68F008A8793 /* MessageUI.framework */ = {isa = PBXFileReference; lastKnownFileType = wrapper.framework; name = MessageUI.framework; path = System/Library/Frameworks/MessageUI.framework; sourceTree = SDKROOT; };
		91AC218717414F340091C0D7 /* AVFoundation.framework */ = {isa = PBXFileReference; lastKnownFileType = wrapper.framework; name = AVFoundation.framework; path = System/Library/Frameworks/AVFoundation.framework; sourceTree = SDKROOT; };
		91AC21A81743E9FD0091C0D7 /* CameraIcon.png */ = {isa = PBXFileReference; lastKnownFileType = image.png; path = CameraIcon.png; sourceTree = "<group>"; };
		91AC21AA1743ED5D0091C0D7 /* ImageIO.framework */ = {isa = PBXFileReference; lastKnownFileType = wrapper.framework; name = ImageIO.framework; path = System/Library/Frameworks/ImageIO.framework; sourceTree = SDKROOT; };
		91AC21AC1743EF480091C0D7 /* CoreFoundation.framework */ = {isa = PBXFileReference; lastKnownFileType = wrapper.framework; name = CoreFoundation.framework; path = System/Library/Frameworks/CoreFoundation.framework; sourceTree = SDKROOT; };
		91AC21BB174527620091C0D7 /* MediaPlayer.framework */ = {isa = PBXFileReference; lastKnownFileType = wrapper.framework; name = MediaPlayer.framework; path = System/Library/Frameworks/MediaPlayer.framework; sourceTree = SDKROOT; };
		91AC21BD174527760091C0D7 /* CoreMedia.framework */ = {isa = PBXFileReference; lastKnownFileType = wrapper.framework; name = CoreMedia.framework; path = System/Library/Frameworks/CoreMedia.framework; sourceTree = SDKROOT; };
		91AC21BF1745277E0091C0D7 /* CoreVideo.framework */ = {isa = PBXFileReference; lastKnownFileType = wrapper.framework; name = CoreVideo.framework; path = System/Library/Frameworks/CoreVideo.framework; sourceTree = SDKROOT; };
		91AC21C1174527900091C0D7 /* MobileCoreServices.framework */ = {isa = PBXFileReference; lastKnownFileType = wrapper.framework; name = MobileCoreServices.framework; path = System/Library/Frameworks/MobileCoreServices.framework; sourceTree = SDKROOT; };
		91D1596D171DABBA003313E0 /* XMP5BWUZKR.app */ = {isa = PBXFileReference; explicitFileType = wrapper.application; includeInIndex = 0; path = XMP5BWUZKR.app; sourceTree = BUILT_PRODUCTS_DIR; };
		91D15970171DABBA003313E0 /* UIKit.framework */ = {isa = PBXFileReference; lastKnownFileType = wrapper.framework; name = UIKit.framework; path = System/Library/Frameworks/UIKit.framework; sourceTree = SDKROOT; };
		91D15972171DABBA003313E0 /* Foundation.framework */ = {isa = PBXFileReference; lastKnownFileType = wrapper.framework; name = Foundation.framework; path = System/Library/Frameworks/Foundation.framework; sourceTree = SDKROOT; };
		91D15974171DABBA003313E0 /* CoreGraphics.framework */ = {isa = PBXFileReference; lastKnownFileType = wrapper.framework; name = CoreGraphics.framework; path = System/Library/Frameworks/CoreGraphics.framework; sourceTree = SDKROOT; };
		91D15978171DABBA003313E0 /* XMP5BWUZKR-Info.plist */ = {isa = PBXFileReference; lastKnownFileType = text.plist.xml; path = "XMP5BWUZKR-Info.plist"; sourceTree = "<group>"; };
		91D1597A171DABBA003313E0 /* en */ = {isa = PBXFileReference; lastKnownFileType = text.plist.strings; name = en; path = en.lproj/InfoPlist.strings; sourceTree = "<group>"; };
		91D1597C171DABBA003313E0 /* main.m */ = {isa = PBXFileReference; lastKnownFileType = sourcecode.c.objc; path = main.m; sourceTree = "<group>"; };
		91D1597E171DABBA003313E0 /* XMP5BWUZKR-Prefix.pch */ = {isa = PBXFileReference; lastKnownFileType = sourcecode.c.h; path = "XMP5BWUZKR-Prefix.pch"; sourceTree = "<group>"; };
		91D1597F171DABBA003313E0 /* AppDelegate.h */ = {isa = PBXFileReference; lastKnownFileType = sourcecode.c.h; path = AppDelegate.h; sourceTree = "<group>"; };
		91D15980171DABBA003313E0 /* AppDelegate.m */ = {isa = PBXFileReference; lastKnownFileType = sourcecode.c.objc; path = AppDelegate.m; sourceTree = "<group>"; };
		91D15982171DABBA003313E0 /* Default.png */ = {isa = PBXFileReference; lastKnownFileType = image.png; path = Default.png; sourceTree = "<group>"; };
		91D15984171DABBA003313E0 /* Default@2x.png */ = {isa = PBXFileReference; lastKnownFileType = image.png; path = "Default@2x.png"; sourceTree = "<group>"; };
		91D15986171DABBA003313E0 /* Default-568h@2x.png */ = {isa = PBXFileReference; lastKnownFileType = image.png; path = "Default-568h@2x.png"; sourceTree = "<group>"; };
		91D15989171DABBA003313E0 /* en */ = {isa = PBXFileReference; lastKnownFileType = file.storyboard; name = en; path = en.lproj/MainStoryboard_iPhone.storyboard; sourceTree = "<group>"; };
		91D1598C171DABBA003313E0 /* en */ = {isa = PBXFileReference; lastKnownFileType = file.storyboard; name = en; path = en.lproj/MainStoryboard_iPad.storyboard; sourceTree = "<group>"; };
		91D1598E171DABBA003313E0 /* ViewController.h */ = {isa = PBXFileReference; lastKnownFileType = sourcecode.c.h; path = ViewController.h; sourceTree = "<group>"; };
		91D1598F171DABBA003313E0 /* ViewController.m */ = {isa = PBXFileReference; lastKnownFileType = sourcecode.c.objc; path = ViewController.m; sourceTree = "<group>"; };
		91D1599E171DADE7003313E0 /* CoreImage.framework */ = {isa = PBXFileReference; lastKnownFileType = wrapper.framework; name = CoreImage.framework; path = System/Library/Frameworks/CoreImage.framework; sourceTree = SDKROOT; };
/* End PBXFileReference section */

/* Begin PBXFrameworksBuildPhase section */
		91D1596A171DABBA003313E0 /* Frameworks */ = {
			isa = PBXFrameworksBuildPhase;
			buildActionMask = 2147483647;
			files = (
				91AC21C2174527900091C0D7 /* MobileCoreServices.framework in Frameworks */,
				91AC21C01745277E0091C0D7 /* CoreVideo.framework in Frameworks */,
				91AC21BE174527760091C0D7 /* CoreMedia.framework in Frameworks */,
				91AC21BC174527620091C0D7 /* MediaPlayer.framework in Frameworks */,
				91AC218817414F340091C0D7 /* AVFoundation.framework in Frameworks */,
				91632B51173AD68F008A8793 /* MessageUI.framework in Frameworks */,
				91632B17172044E0008A8793 /* QuartzCore.framework in Frameworks */,
				91632B13171DAF9C008A8793 /* AssetsLibrary.framework in Frameworks */,
				91D1599F171DADE7003313E0 /* CoreImage.framework in Frameworks */,
				91D15971171DABBA003313E0 /* UIKit.framework in Frameworks */,
				91D15973171DABBA003313E0 /* Foundation.framework in Frameworks */,
				91D15975171DABBA003313E0 /* CoreGraphics.framework in Frameworks */,
			);
			runOnlyForDeploymentPostprocessing = 0;
		};
/* End PBXFrameworksBuildPhase section */

/* Begin PBXGroup section */
		91AC21B6174523E70091C0D7 /* Classes */ = {
			isa = PBXGroup;
			children = (
				9129850217454E230040F875 /* AVCamDemoCaptureManager.h */,
				9129850317454E230040F875 /* AVCamDemoCaptureManager.m */,
				9129850417454E230040F875 /* AVCamDemoPreviewView.h */,
				9129850517454E230040F875 /* AVCamDemoPreviewView.m */,
				9129850017454E180040F875 /* ExpandyButton.h */,
				9129850117454E180040F875 /* ExpandyButton.m */,
				91632B4D173AC2DD008A8793 /* ImageProcessing.h */,
				91632B4E173AC2DD008A8793 /* ImageProcessing.m */,
			);
			name = Classes;
			sourceTree = "<group>";
		};
		91AC21B7174524230091C0D7 /* View Controllers */ = {
			isa = PBXGroup;
			children = (
				912984FE17454E080040F875 /* AVCamDemoViewController.h */,
				912984FF17454E080040F875 /* AVCamDemoViewController.m */,
				91D1598E171DABBA003313E0 /* ViewController.h */,
				91D1598F171DABBA003313E0 /* ViewController.m */,
			);
			name = "View Controllers";
			sourceTree = "<group>";
		};
		91D15964171DABBA003313E0 = {
			isa = PBXGroup;
			children = (
				91632B14171DB25C008A8793 /* IMG_0005.jpg */,
				91AC21A81743E9FD0091C0D7 /* CameraIcon.png */,
				91D1599E171DADE7003313E0 /* CoreImage.framework */,
				91D15976171DABBA003313E0 /* XMP5BWUZKR */,
				91D1596F171DABBA003313E0 /* Frameworks */,
				91D1596E171DABBA003313E0 /* Products */,
			);
			sourceTree = "<group>";
		};
		91D1596E171DABBA003313E0 /* Products */ = {
			isa = PBXGroup;
			children = (
				91D1596D171DABBA003313E0 /* XMP5BWUZKR.app */,
			);
			name = Products;
			sourceTree = "<group>";
		};
		91D1596F171DABBA003313E0 /* Frameworks */ = {
			isa = PBXGroup;
			children = (
				91D15970171DABBA003313E0 /* UIKit.framework */,
				91D15972171DABBA003313E0 /* Foundation.framework */,
				91D15974171DABBA003313E0 /* CoreGraphics.framework */,
				91AC21C1174527900091C0D7 /* MobileCoreServices.framework */,
				91AC21BF1745277E0091C0D7 /* CoreVideo.framework */,
				91AC21BD174527760091C0D7 /* CoreMedia.framework */,
				91AC21BB174527620091C0D7 /* MediaPlayer.framework */,
				91AC21AC1743EF480091C0D7 /* CoreFoundation.framework */,
				91AC21AA1743ED5D0091C0D7 /* ImageIO.framework */,
				91AC218717414F340091C0D7 /* AVFoundation.framework */,
				91632B50173AD68F008A8793 /* MessageUI.framework */,
				91632B16172044E0008A8793 /* QuartzCore.framework */,
				91632B12171DAF9C008A8793 /* AssetsLibrary.framework */,
			);
			name = Frameworks;
			sourceTree = "<group>";
		};
		91D15976171DABBA003313E0 /* XMP5BWUZKR */ = {
			isa = PBXGroup;
			children = (
				91AC21B7174524230091C0D7 /* View Controllers */,
				91AC21B6174523E70091C0D7 /* Classes */,
				91D1597F171DABBA003313E0 /* AppDelegate.h */,
				91D15980171DABBA003313E0 /* AppDelegate.m */,
				91D15988171DABBA003313E0 /* MainStoryboard_iPhone.storyboard */,
				91D1598B171DABBA003313E0 /* MainStoryboard_iPad.storyboard */,
				9129850617454E380040F875 /* AVCamDemoViewController.xib */,
				91D15977171DABBA003313E0 /* Supporting Files */,
			);
			path = XMP5BWUZKR;
			sourceTree = "<group>";
		};
		91D15977171DABBA003313E0 /* Supporting Files */ = {
			isa = PBXGroup;
			children = (
				91D15978171DABBA003313E0 /* XMP5BWUZKR-Info.plist */,
				91D15979171DABBA003313E0 /* InfoPlist.strings */,
				91D1597C171DABBA003313E0 /* main.m */,
				91D1597E171DABBA003313E0 /* XMP5BWUZKR-Prefix.pch */,
				91D15982171DABBA003313E0 /* Default.png */,
				91D15984171DABBA003313E0 /* Default@2x.png */,
				91D15986171DABBA003313E0 /* Default-568h@2x.png */,
			);
			name = "Supporting Files";
			sourceTree = "<group>";
		};
/* End PBXGroup section */

/* Begin PBXNativeTarget section */
		91D1596C171DABBA003313E0 /* XMP5BWUZKR */ = {
			isa = PBXNativeTarget;
			buildConfigurationList = 91D15993171DABBA003313E0 /* Build configuration list for PBXNativeTarget "XMP5BWUZKR" */;
			buildPhases = (
				91D15969171DABBA003313E0 /* Sources */,
				91D1596A171DABBA003313E0 /* Frameworks */,
				91D1596B171DABBA003313E0 /* Resources */,
			);
			buildRules = (
			);
			dependencies = (
			);
			name = XMP5BWUZKR;
			productName = XMP5BWUZKR;
			productReference = 91D1596D171DABBA003313E0 /* XMP5BWUZKR.app */;
			productType = "com.apple.product-type.application";
		};
/* End PBXNativeTarget section */

/* Begin PBXProject section */
		91D15965171DABBA003313E0 /* Project object */ = {
			isa = PBXProject;
			attributes = {
				LastUpgradeCheck = 0460;
				ORGANIZATIONNAME = "Oklahoma State University Medical Physics Lab";
			};
			buildConfigurationList = 91D15968171DABBA003313E0 /* Build configuration list for PBXProject "XMP5BWUZKR" */;
			compatibilityVersion = "Xcode 3.2";
			developmentRegion = English;
			hasScannedForEncodings = 0;
			knownRegions = (
				en,
			);
			mainGroup = 91D15964171DABBA003313E0;
			productRefGroup = 91D1596E171DABBA003313E0 /* Products */;
			projectDirPath = "";
			projectRoot = "";
			targets = (
				91D1596C171DABBA003313E0 /* XMP5BWUZKR */,
			);
		};
/* End PBXProject section */

/* Begin PBXResourcesBuildPhase section */
		91D1596B171DABBA003313E0 /* Resources */ = {
			isa = PBXResourcesBuildPhase;
			buildActionMask = 2147483647;
			files = (
				91D1597B171DABBA003313E0 /* InfoPlist.strings in Resources */,
				91D15983171DABBA003313E0 /* Default.png in Resources */,
				91D15985171DABBA003313E0 /* Default@2x.png in Resources */,
				91D15987171DABBA003313E0 /* Default-568h@2x.png in Resources */,
				91D1598A171DABBA003313E0 /* MainStoryboard_iPhone.storyboard in Resources */,
				91D1598D171DABBA003313E0 /* MainStoryboard_iPad.storyboard in Resources */,
				91632B15171DB25C008A8793 /* IMG_0005.jpg in Resources */,
				91AC21A91743E9FD0091C0D7 /* CameraIcon.png in Resources */,
				9129850817454E380040F875 /* AVCamDemoViewController.xib in Resources */,
			);
			runOnlyForDeploymentPostprocessing = 0;
		};
/* End PBXResourcesBuildPhase section */

/* Begin PBXSourcesBuildPhase section */
		91D15969171DABBA003313E0 /* Sources */ = {
			isa = PBXSourcesBuildPhase;
			buildActionMask = 2147483647;
			files = (
				9129850D17454F6E0040F875 /* AVCamDemoPreviewView.m in Sources */,
				9129850C17454F6B0040F875 /* ExpandyButton.m in Sources */,
				9129850B17454F670040F875 /* AVCamDemoCaptureManager.m in Sources */,
				9129850A17454F600040F875 /* AVCamDemoViewController.m in Sources */,
				91D1597D171DABBA003313E0 /* main.m in Sources */,
				91D15981171DABBA003313E0 /* AppDelegate.m in Sources */,
				91D15990171DABBA003313E0 /* ViewController.m in Sources */,
				91632B4F173AC2DD008A8793 /* ImageProcessing.m in Sources */,
			);
			runOnlyForDeploymentPostprocessing = 0;
		};
/* End PBXSourcesBuildPhase section */

/* Begin PBXVariantGroup section */
		91D15979171DABBA003313E0 /* InfoPlist.strings */ = {
			isa = PBXVariantGroup;
			children = (
				91D1597A171DABBA003313E0 /* en */,
			);
			name = InfoPlist.strings;
			sourceTree = "<group>";
		};
		91D15988171DABBA003313E0 /* MainStoryboard_iPhone.storyboard */ = {
			isa = PBXVariantGroup;
			children = (
				91D15989171DABBA003313E0 /* en */,
			);
			name = MainStoryboard_iPhone.storyboard;
			sourceTree = "<group>";
		};
		91D1598B171DABBA003313E0 /* MainStoryboard_iPad.storyboard */ = {
			isa = PBXVariantGroup;
			children = (
				91D1598C171DABBA003313E0 /* en */,
			);
			name = MainStoryboard_iPad.storyboard;
			sourceTree = "<group>";
		};
/* End PBXVariantGroup section */

/* Begin XCBuildConfiguration section */
		91D15991171DABBA003313E0 /* Debug */ = {
			isa = XCBuildConfiguration;
			buildSettings = {
				ALWAYS_SEARCH_USER_PATHS = NO;
				CLANG_CXX_LANGUAGE_STANDARD = "gnu++0x";
				CLANG_CXX_LIBRARY = "libc++";
				CLANG_ENABLE_OBJC_ARC = YES;
				CLANG_WARN_CONSTANT_CONVERSION = YES;
				CLANG_WARN_EMPTY_BODY = YES;
				CLANG_WARN_ENUM_CONVERSION = YES;
				CLANG_WARN_INT_CONVERSION = YES;
				CLANG_WARN__DUPLICATE_METHOD_MATCH = YES;
				"CODE_SIGN_IDENTITY[sdk=iphoneos*]" = "iPhone Developer";
				COPY_PHASE_STRIP = NO;
				GCC_C_LANGUAGE_STANDARD = gnu99;
				GCC_DYNAMIC_NO_PIC = NO;
				GCC_OPTIMIZATION_LEVEL = 0;
				GCC_PREPROCESSOR_DEFINITIONS = (
					"DEBUG=1",
					"$(inherited)",
				);
				GCC_SYMBOLS_PRIVATE_EXTERN = NO;
				GCC_WARN_ABOUT_RETURN_TYPE = YES;
				GCC_WARN_UNINITIALIZED_AUTOS = YES;
				GCC_WARN_UNUSED_VARIABLE = YES;
				IPHONEOS_DEPLOYMENT_TARGET = 6.1;
				ONLY_ACTIVE_ARCH = YES;
				SDKROOT = iphoneos;
				TARGETED_DEVICE_FAMILY = "1,2";
			};
			name = Debug;
		};
		91D15992171DABBA003313E0 /* Release */ = {
			isa = XCBuildConfiguration;
			buildSettings = {
				ALWAYS_SEARCH_USER_PATHS = NO;
				CLANG_CXX_LANGUAGE_STANDARD = "gnu++0x";
				CLANG_CXX_LIBRARY = "libc++";
				CLANG_ENABLE_OBJC_ARC = YES;
				CLANG_WARN_CONSTANT_CONVERSION = YES;
				CLANG_WARN_EMPTY_BODY = YES;
				CLANG_WARN_ENUM_CONVERSION = YES;
				CLANG_WARN_INT_CONVERSION = YES;
				CLANG_WARN__DUPLICATE_METHOD_MATCH = YES;
				"CODE_SIGN_IDENTITY[sdk=iphoneos*]" = "iPhone Developer";
				COPY_PHASE_STRIP = YES;
				GCC_C_LANGUAGE_STANDARD = gnu99;
				GCC_WARN_ABOUT_RETURN_TYPE = YES;
				GCC_WARN_UNINITIALIZED_AUTOS = YES;
				GCC_WARN_UNUSED_VARIABLE = YES;
				IPHONEOS_DEPLOYMENT_TARGET = 6.1;
				OTHER_CFLAGS = "-DNS_BLOCK_ASSERTIONS=1";
				SDKROOT = iphoneos;
				TARGETED_DEVICE_FAMILY = "1,2";
				VALIDATE_PRODUCT = YES;
			};
			name = Release;
		};
		91D15994171DABBA003313E0 /* Debug */ = {
			isa = XCBuildConfiguration;
			buildSettings = {
				FRAMEWORK_SEARCH_PATHS = (
					"$(inherited)",
					"\"$(SRCROOT)\"",
				);
				GCC_PRECOMPILE_PREFIX_HEADER = YES;
				GCC_PREFIX_HEADER = "XMP5BWUZKR/XMP5BWUZKR-Prefix.pch";
				INFOPLIST_FILE = "XMP5BWUZKR/XMP5BWUZKR-Info.plist";
				PRODUCT_NAME = "$(TARGET_NAME)";
				WRAPPER_EXTENSION = app;
			};
			name = Debug;
		};
		91D15995171DABBA003313E0 /* Release */ = {
			isa = XCBuildConfiguration;
			buildSettings = {
				FRAMEWORK_SEARCH_PATHS = (
					"$(inherited)",
					"\"$(SRCROOT)\"",
				);
				GCC_PRECOMPILE_PREFIX_HEADER = YES;
				GCC_PREFIX_HEADER = "XMP5BWUZKR/XMP5BWUZKR-Prefix.pch";
				INFOPLIST_FILE = "XMP5BWUZKR/XMP5BWUZKR-Info.plist";
				PRODUCT_NAME = "$(TARGET_NAME)";
				WRAPPER_EXTENSION = app;
			};
			name = Release;
		};
/* End XCBuildConfiguration section */

/* Begin XCConfigurationList section */
		91D15968171DABBA003313E0 /* Build configuration list for PBXProject "XMP5BWUZKR" */ = {
			isa = XCConfigurationList;
			buildConfigurations = (
				91D15991171DABBA003313E0 /* Debug */,
				91D15992171DABBA003313E0 /* Release */,
			);
			defaultConfigurationIsVisible = 0;
			defaultConfigurationName = Release;
		};
		91D15993171DABBA003313E0 /* Build configuration list for PBXNativeTarget "XMP5BWUZKR" */ = {
			isa = XCConfigurationList;
			buildConfigurations = (
				91D15994171DABBA003313E0 /* Debug */,
				91D15995171DABBA003313E0 /* Release */,
			);
			defaultConfigurationIsVisible = 0;
			defaultConfigurationName = Release;
		};
/* End XCConfigurationList section */
	};
	rootObject = 91D15965171DABBA003313E0 /* Project object */;
}
